
Microsoft Visual Studio Solution File, Format Version 12.00
# Visual Studio 15
VisualStudioVersion = 15.0.27703.2018
MinimumVisualStudioVersion = 10.0.40219.1
Project("{FAE04EC0-301F-11D3-BF4B-00C04F79EFBC}") = "LonelyInteger", "LonelyInteger\LonelyInteger.csproj", "{B74A6414-3DD8-4A4C-B8F2-8B236184A9E9}"
EndProject
Project("{FAE04EC0-301F-11D3-BF4B-00C04F79EFBC}") = "MaximumSubarray", "MaximumSubarray\MaximumSubarray.csproj", "{BA0F0DEF-6D18-49F3-AEED-F275D8134612}"
EndProject
Project("{FAE04EC0-301F-11D3-BF4B-00C04F79EFBC}") = "AppleandOrange", "AppleandOrange\AppleandOrange.csproj", "{0A69D5F0-F7A2-42CF-B3F1-66301CC7FC3F}"
EndProject
Project("{FAE04EC0-301F-11D3-BF4B-00C04F79EFBC}") = "LarrysArray", "LarrysArray\LarrysArray.csproj", "{86C3A5D4-0264-4C91-BD51-FAA8A8F94B24}"
EndProject
Project("{FAE04EC0-301F-11D3-BF4B-00C04F79EFBC}") = "CamelCase", "CamelCase\CamelCase.csproj", "{61A9F550-814B-48A7-9B92-774594A5796B}"
EndProject
Project("{FAE04EC0-301F-11D3-BF4B-00C04F79EFBC}") = "MarsExploration", "MarsExploration\MarsExploration.csproj", "{B97942DF-E32B-4339-8725-B39A7CD54476}"
EndProject
Project("{FAE04EC0-301F-11D3-BF4B-00C04F79EFBC}") = "SockMerchant", "SockMerchant\SockMerchant.csproj", "{4B7DE42C-251E-40FB-9796-431F4283F792}"
EndProject
Project("{FAE04EC0-301F-11D3-BF4B-00C04F79EFBC}") = "DivisibleSumPairs", "DivisibleSumPairs\DivisibleSumPairs.csproj", "{9C9FBBFB-BE3E-447D-89E1-B71FD5EDE7A6}"
EndProject
Project("{FAE04EC0-301F-11D3-BF4B-00C04F79EFBC}") = "BonAppetit", "BonAppetit\BonAppetit.csproj", "{2775B876-5344-4DFD-B1CF-00DE890426CF}"
EndProject
Project("{FAE04EC0-301F-11D3-BF4B-00C04F79EFBC}") = "RepeatedString", "RepeatedString\RepeatedString.csproj", "{30F4C37F-40B0-46AF-9190-6A3DC320A449}"
EndProject
Project("{FAE04EC0-301F-11D3-BF4B-00C04F79EFBC}") = "MinumumDistances", "MinumumDistances\MinumumDistances.csproj", "{1EF19BD0-110B-4C87-B9F1-B28464343279}"
EndProject
Project("{FAE04EC0-301F-11D3-BF4B-00C04F79EFBC}") = "JumpingOnTheClouds", "JumpingOnTheClouds\JumpingOnTheClouds.csproj", "{E960AE2B-B49E-4D93-B591-7A151F925B6D}"
EndProject
Project("{FAE04EC0-301F-11D3-BF4B-00C04F79EFBC}") = "StringConstruction", "StringConstruction\StringConstruction.csproj", "{AA5C9084-E310-43AB-9793-7D926F304CDF}"
EndProject
Project("{FAE04EC0-301F-11D3-BF4B-00C04F79EFBC}") = "Kangaroo", "Kangaroo\Kangaroo.csproj", "{E50CFB11-7AB6-4004-82E8-7B36248CEC18}"
EndProject
Project("{FAE04EC0-301F-11D3-BF4B-00C04F79EFBC}") = "JumpingOnTheCloudsRevisited", "JumpingOnTheCloudsRevisited\JumpingOnTheCloudsRevisited.csproj", "{F5CC7D9F-B3FF-45D2-B3D6-65EE00BEC650}"
EndProject
Project("{FAE04EC0-301F-11D3-BF4B-00C04F79EFBC}") = "IntroToTutorialChallenges", "IntroToTutorialChallenges\IntroToTutorialChallenges.csproj", "{8945241B-4BC4-44D5-833B-D272D6F8BB27}"
EndProject
Project("{FAE04EC0-301F-11D3-BF4B-00C04F79EFBC}") = "MinimumAbsoluteDifferenceInArray", "MinimumAbsoluteDifferenceInArray\MinimumAbsoluteDifferenceInArray.csproj", "{A82EB814-483C-49CF-AA0A-6DB1F8DACFAC}"
EndProject
Project("{2150E333-8FDC-42A3-9474-1A3956D46DE8}") = "DataStucture", "DataStucture", "{C54AD75F-5A03-4DD4-96F9-3C7F804D00E5}"
EndProject
Project("{FAE04EC0-301F-11D3-BF4B-00C04F79EFBC}") = "HeightOfBinaryTree", "HeightOfBinaryTree\HeightOfBinaryTree.csproj", "{E48EBE59-E72A-4389-A6D1-8CE934BFB01B}"
EndProject
Project("{FAE04EC0-301F-11D3-BF4B-00C04F79EFBC}") = "TopView", "DataStructure\TopView\TopView.csproj", "{EB663513-53DE-484E-90FF-12286241B642}"
EndProject
Project("{FAE04EC0-301F-11D3-BF4B-00C04F79EFBC}") = "PrePostInOrderTraversal", "DataStructure\PrePostInOrderTraversal\PrePostInOrderTraversal.csproj", "{FC189147-60AF-4AB4-A4A5-B4BFF03B537E}"
EndProject
Project("{FAE04EC0-301F-11D3-BF4B-00C04F79EFBC}") = "BinarySearchTreeInsertion", "DataStructure\BinarySearchTreeInsertion\BinarySearchTreeInsertion.csproj", "{8D021C14-4071-49FF-B8E0-D0F67F39AE20}"
EndProject
Project("{FAE04EC0-301F-11D3-BF4B-00C04F79EFBC}") = "CommonDataStructure", "DataStructure\CommonDataStructure\CommonDataStructure.csproj", "{CD1AA505-8209-4483-AAC3-A7881865B657}"
EndProject
Project("{FAE04EC0-301F-11D3-BF4B-00C04F79EFBC}") = "LevelOrderTraversal", "DataStructure\LevelOrderTraversal\LevelOrderTraversal.csproj", "{1B2D2044-F6FC-4793-96D3-7D19857DA09C}"
EndProject
Project("{FAE04EC0-301F-11D3-BF4B-00C04F79EFBC}") = "LowestCommonAncestor", "DataStructure\LowestCommonAncestor\LowestCommonAncestor.csproj", "{FCF42E97-B5CC-44F1-B4F8-3496495C607B}"
EndProject
Project("{FAE04EC0-301F-11D3-BF4B-00C04F79EFBC}") = "IsBinarySearchTree", "DataStructure\IsBinarySearchTree\IsBinarySearchTree.csproj", "{4E227389-6AF3-4176-83CE-DA37D7214A22}"
EndProject
Project("{FAE04EC0-301F-11D3-BF4B-00C04F79EFBC}") = "HuffmanDecoding", "DataStructure\HuffmanDecoding\HuffmanDecoding.csproj", "{0CDC843F-60C0-414E-8AFF-843319E45786}"
EndProject
Project("{FAE04EC0-301F-11D3-BF4B-00C04F79EFBC}") = "LeftRotation", "LeftRotation\LeftRotation.csproj", "{6BCE7788-1F18-42D7-8303-4BA5852E1533}"
EndProject
Project("{2150E333-8FDC-42A3-9474-1A3956D46DE8}") = "Algorithm", "Algorithm", "{A7C064CF-0BFD-461D-B2CD-8AD9F872B46F}"
EndProject
Project("{2150E333-8FDC-42A3-9474-1A3956D46DE8}") = "Tree", "Tree", "{B115CC0D-8185-4E53-979D-17231CFEF5B0}"
EndProject
Project("{2150E333-8FDC-42A3-9474-1A3956D46DE8}") = "String", "String", "{34DCACCC-DE8A-4B38-8206-25016BE6DA2D}"
EndProject
Project("{2150E333-8FDC-42A3-9474-1A3956D46DE8}") = "Array", "Array", "{CDE1E98A-8A38-4728-BE02-DFEA4867A124}"
EndProject
Project("{FAE04EC0-301F-11D3-BF4B-00C04F79EFBC}") = "MakingAnagrams", "MakingAnagrams\MakingAnagrams.csproj", "{12889999-4A1B-48F2-AE44-3F70AE11F042}"
EndProject
Project("{2150E333-8FDC-42A3-9474-1A3956D46DE8}") = "Training", "Training", "{4D0ED0EE-7CEC-41E7-92F4-FE41205CBB7F}"
EndProject
Project("{FAE04EC0-301F-11D3-BF4B-00C04F79EFBC}") = "HashTablesRansomNote", "HashTablesRansomNote\HashTablesRansomNote.csproj", "{657F9987-A3E3-4882-BA5F-CCC06E5FE6CC}"
EndProject
Project("{2150E333-8FDC-42A3-9474-1A3956D46DE8}") = "LinkedList", "LinkedList", "{A19EFE45-2E5D-4DAB-99CD-77B5A100FFA7}"
EndProject
Project("{FAE04EC0-301F-11D3-BF4B-00C04F79EFBC}") = "CycleDetection", "DataStructure\CycleDetection\CycleDetection.csproj", "{AD8EAB5B-E08F-461B-96FC-11C4ED8D3EC9}"
EndProject
Project("{2150E333-8FDC-42A3-9474-1A3956D46DE8}") = "Stack", "Stack", "{BFA04962-CBEC-4339-AA7C-EE231E65F05F}"
EndProject
Project("{FAE04EC0-301F-11D3-BF4B-00C04F79EFBC}") = "BalancedBrackets", "DataStructure\BalancedBrackets\BalancedBrackets.csproj", "{AC6C1ECB-9CAA-4A18-8756-0B14E8A8C091}"
EndProject
Project("{2150E333-8FDC-42A3-9474-1A3956D46DE8}") = "Search", "Search", "{BEEDFFF3-75E7-48D2-89A2-F92FB7C600DD}"
EndProject
Project("{FAE04EC0-301F-11D3-BF4B-00C04F79EFBC}") = "IceCreamParlor", "IceCreamParlor\IceCreamParlor.csproj", "{DDEA24D8-D297-4748-94C1-6CC640109A7B}"
EndProject
Project("{2150E333-8FDC-42A3-9474-1A3956D46DE8}") = "Bit Manipulation", "Bit Manipulation", "{F8FD63B3-1AA4-4DBE-8938-25E39D79D292}"
EndProject
Project("{FAE04EC0-301F-11D3-BF4B-00C04F79EFBC}") = "2sComplement", "2sComplement\2sComplement.csproj", "{E5B0340A-5B2C-4455-B3A0-6894DDBD59CC}"
EndProject
Project("{FAE04EC0-301F-11D3-BF4B-00C04F79EFBC}") = "MaximizingXor", "MaximizingXor\MaximizingXor.csproj", "{986ECAFC-A5D2-4DE4-A004-50097CFD5088}"
EndProject
Project("{2150E333-8FDC-42A3-9474-1A3956D46DE8}") = "Recursion", "Recursion", "{CC25D259-A5D4-4FE1-89E6-BABD0910CFA6}"
EndProject
Project("{FAE04EC0-301F-11D3-BF4B-00C04F79EFBC}") = "ThePowerSum", "ThePowerSum\ThePowerSum.csproj", "{9FC9FB8E-4D41-4F20-95CA-0C76AE2F47AF}"
EndProject
Project("{FAE04EC0-301F-11D3-BF4B-00C04F79EFBC}") = "SwapNodes", "SwapNodes\SwapNodes.csproj", "{77654CAB-3D80-44A4-BA16-04BE8FE5FBB8}"
EndProject
Project("{2150E333-8FDC-42A3-9474-1A3956D46DE8}") = "Old", "Old", "{7F9A5E22-9E62-40B4-8881-8001EAB7541C}"
	ProjectSection(SolutionItems) = preProject
		GameOfStones\GameOfStones.cs = GameOfStones\GameOfStones.cs
		InsertionSort\InsertionSort.cs = InsertionSort\InsertionSort.cs
		TimeConversion\TimeConversion.cs = TimeConversion\TimeConversion.cs
		Viral Advertising\ViralAdvertising.cs = Viral Advertising\ViralAdvertising.cs
	EndProjectSection
EndProject
Global
	GlobalSection(SolutionConfigurationPlatforms) = preSolution
		Debug|Any CPU = Debug|Any CPU
		Release|Any CPU = Release|Any CPU
	EndGlobalSection
	GlobalSection(ProjectConfigurationPlatforms) = postSolution
		{B74A6414-3DD8-4A4C-B8F2-8B236184A9E9}.Debug|Any CPU.ActiveCfg = Debug|Any CPU
		{B74A6414-3DD8-4A4C-B8F2-8B236184A9E9}.Debug|Any CPU.Build.0 = Debug|Any CPU
		{B74A6414-3DD8-4A4C-B8F2-8B236184A9E9}.Release|Any CPU.ActiveCfg = Release|Any CPU
		{B74A6414-3DD8-4A4C-B8F2-8B236184A9E9}.Release|Any CPU.Build.0 = Release|Any CPU
		{BA0F0DEF-6D18-49F3-AEED-F275D8134612}.Debug|Any CPU.ActiveCfg = Debug|Any CPU
		{BA0F0DEF-6D18-49F3-AEED-F275D8134612}.Debug|Any CPU.Build.0 = Debug|Any CPU
		{BA0F0DEF-6D18-49F3-AEED-F275D8134612}.Release|Any CPU.ActiveCfg = Release|Any CPU
		{BA0F0DEF-6D18-49F3-AEED-F275D8134612}.Release|Any CPU.Build.0 = Release|Any CPU
		{0A69D5F0-F7A2-42CF-B3F1-66301CC7FC3F}.Debug|Any CPU.ActiveCfg = Debug|Any CPU
		{0A69D5F0-F7A2-42CF-B3F1-66301CC7FC3F}.Debug|Any CPU.Build.0 = Debug|Any CPU
		{0A69D5F0-F7A2-42CF-B3F1-66301CC7FC3F}.Release|Any CPU.ActiveCfg = Release|Any CPU
		{0A69D5F0-F7A2-42CF-B3F1-66301CC7FC3F}.Release|Any CPU.Build.0 = Release|Any CPU
		{86C3A5D4-0264-4C91-BD51-FAA8A8F94B24}.Debug|Any CPU.ActiveCfg = Debug|Any CPU
		{86C3A5D4-0264-4C91-BD51-FAA8A8F94B24}.Debug|Any CPU.Build.0 = Debug|Any CPU
		{86C3A5D4-0264-4C91-BD51-FAA8A8F94B24}.Release|Any CPU.ActiveCfg = Release|Any CPU
		{86C3A5D4-0264-4C91-BD51-FAA8A8F94B24}.Release|Any CPU.Build.0 = Release|Any CPU
		{61A9F550-814B-48A7-9B92-774594A5796B}.Debug|Any CPU.ActiveCfg = Debug|Any CPU
		{61A9F550-814B-48A7-9B92-774594A5796B}.Debug|Any CPU.Build.0 = Debug|Any CPU
		{61A9F550-814B-48A7-9B92-774594A5796B}.Release|Any CPU.ActiveCfg = Release|Any CPU
		{61A9F550-814B-48A7-9B92-774594A5796B}.Release|Any CPU.Build.0 = Release|Any CPU
		{B97942DF-E32B-4339-8725-B39A7CD54476}.Debug|Any CPU.ActiveCfg = Debug|Any CPU
		{B97942DF-E32B-4339-8725-B39A7CD54476}.Debug|Any CPU.Build.0 = Debug|Any CPU
		{B97942DF-E32B-4339-8725-B39A7CD54476}.Release|Any CPU.ActiveCfg = Release|Any CPU
		{B97942DF-E32B-4339-8725-B39A7CD54476}.Release|Any CPU.Build.0 = Release|Any CPU
		{4B7DE42C-251E-40FB-9796-431F4283F792}.Debug|Any CPU.ActiveCfg = Debug|Any CPU
		{4B7DE42C-251E-40FB-9796-431F4283F792}.Debug|Any CPU.Build.0 = Debug|Any CPU
		{4B7DE42C-251E-40FB-9796-431F4283F792}.Release|Any CPU.ActiveCfg = Release|Any CPU
		{4B7DE42C-251E-40FB-9796-431F4283F792}.Release|Any CPU.Build.0 = Release|Any CPU
		{9C9FBBFB-BE3E-447D-89E1-B71FD5EDE7A6}.Debug|Any CPU.ActiveCfg = Debug|Any CPU
		{9C9FBBFB-BE3E-447D-89E1-B71FD5EDE7A6}.Debug|Any CPU.Build.0 = Debug|Any CPU
		{9C9FBBFB-BE3E-447D-89E1-B71FD5EDE7A6}.Release|Any CPU.ActiveCfg = Release|Any CPU
		{9C9FBBFB-BE3E-447D-89E1-B71FD5EDE7A6}.Release|Any CPU.Build.0 = Release|Any CPU
		{2775B876-5344-4DFD-B1CF-00DE890426CF}.Debug|Any CPU.ActiveCfg = Debug|Any CPU
		{2775B876-5344-4DFD-B1CF-00DE890426CF}.Debug|Any CPU.Build.0 = Debug|Any CPU
		{2775B876-5344-4DFD-B1CF-00DE890426CF}.Release|Any CPU.ActiveCfg = Release|Any CPU
		{2775B876-5344-4DFD-B1CF-00DE890426CF}.Release|Any CPU.Build.0 = Release|Any CPU
		{30F4C37F-40B0-46AF-9190-6A3DC320A449}.Debug|Any CPU.ActiveCfg = Debug|Any CPU
		{30F4C37F-40B0-46AF-9190-6A3DC320A449}.Debug|Any CPU.Build.0 = Debug|Any CPU
		{30F4C37F-40B0-46AF-9190-6A3DC320A449}.Release|Any CPU.ActiveCfg = Release|Any CPU
		{30F4C37F-40B0-46AF-9190-6A3DC320A449}.Release|Any CPU.Build.0 = Release|Any CPU
		{1EF19BD0-110B-4C87-B9F1-B28464343279}.Debug|Any CPU.ActiveCfg = Debug|Any CPU
		{1EF19BD0-110B-4C87-B9F1-B28464343279}.Debug|Any CPU.Build.0 = Debug|Any CPU
		{1EF19BD0-110B-4C87-B9F1-B28464343279}.Release|Any CPU.ActiveCfg = Release|Any CPU
		{1EF19BD0-110B-4C87-B9F1-B28464343279}.Release|Any CPU.Build.0 = Release|Any CPU
		{E960AE2B-B49E-4D93-B591-7A151F925B6D}.Debug|Any CPU.ActiveCfg = Debug|Any CPU
		{E960AE2B-B49E-4D93-B591-7A151F925B6D}.Debug|Any CPU.Build.0 = Debug|Any CPU
		{E960AE2B-B49E-4D93-B591-7A151F925B6D}.Release|Any CPU.ActiveCfg = Release|Any CPU
		{E960AE2B-B49E-4D93-B591-7A151F925B6D}.Release|Any CPU.Build.0 = Release|Any CPU
		{AA5C9084-E310-43AB-9793-7D926F304CDF}.Debug|Any CPU.ActiveCfg = Debug|Any CPU
		{AA5C9084-E310-43AB-9793-7D926F304CDF}.Debug|Any CPU.Build.0 = Debug|Any CPU
		{AA5C9084-E310-43AB-9793-7D926F304CDF}.Release|Any CPU.ActiveCfg = Release|Any CPU
		{AA5C9084-E310-43AB-9793-7D926F304CDF}.Release|Any CPU.Build.0 = Release|Any CPU
		{E50CFB11-7AB6-4004-82E8-7B36248CEC18}.Debug|Any CPU.ActiveCfg = Debug|Any CPU
		{E50CFB11-7AB6-4004-82E8-7B36248CEC18}.Debug|Any CPU.Build.0 = Debug|Any CPU
		{E50CFB11-7AB6-4004-82E8-7B36248CEC18}.Release|Any CPU.ActiveCfg = Release|Any CPU
		{E50CFB11-7AB6-4004-82E8-7B36248CEC18}.Release|Any CPU.Build.0 = Release|Any CPU
		{F5CC7D9F-B3FF-45D2-B3D6-65EE00BEC650}.Debug|Any CPU.ActiveCfg = Debug|Any CPU
		{F5CC7D9F-B3FF-45D2-B3D6-65EE00BEC650}.Debug|Any CPU.Build.0 = Debug|Any CPU
		{F5CC7D9F-B3FF-45D2-B3D6-65EE00BEC650}.Release|Any CPU.ActiveCfg = Release|Any CPU
		{F5CC7D9F-B3FF-45D2-B3D6-65EE00BEC650}.Release|Any CPU.Build.0 = Release|Any CPU
		{8945241B-4BC4-44D5-833B-D272D6F8BB27}.Debug|Any CPU.ActiveCfg = Debug|Any CPU
		{8945241B-4BC4-44D5-833B-D272D6F8BB27}.Debug|Any CPU.Build.0 = Debug|Any CPU
		{8945241B-4BC4-44D5-833B-D272D6F8BB27}.Release|Any CPU.ActiveCfg = Release|Any CPU
		{8945241B-4BC4-44D5-833B-D272D6F8BB27}.Release|Any CPU.Build.0 = Release|Any CPU
		{A82EB814-483C-49CF-AA0A-6DB1F8DACFAC}.Debug|Any CPU.ActiveCfg = Debug|Any CPU
		{A82EB814-483C-49CF-AA0A-6DB1F8DACFAC}.Debug|Any CPU.Build.0 = Debug|Any CPU
		{A82EB814-483C-49CF-AA0A-6DB1F8DACFAC}.Release|Any CPU.ActiveCfg = Release|Any CPU
		{A82EB814-483C-49CF-AA0A-6DB1F8DACFAC}.Release|Any CPU.Build.0 = Release|Any CPU
		{E48EBE59-E72A-4389-A6D1-8CE934BFB01B}.Debug|Any CPU.ActiveCfg = Debug|Any CPU
		{E48EBE59-E72A-4389-A6D1-8CE934BFB01B}.Debug|Any CPU.Build.0 = Debug|Any CPU
		{E48EBE59-E72A-4389-A6D1-8CE934BFB01B}.Release|Any CPU.ActiveCfg = Release|Any CPU
		{E48EBE59-E72A-4389-A6D1-8CE934BFB01B}.Release|Any CPU.Build.0 = Release|Any CPU
		{EB663513-53DE-484E-90FF-12286241B642}.Debug|Any CPU.ActiveCfg = Debug|Any CPU
		{EB663513-53DE-484E-90FF-12286241B642}.Debug|Any CPU.Build.0 = Debug|Any CPU
		{EB663513-53DE-484E-90FF-12286241B642}.Release|Any CPU.ActiveCfg = Release|Any CPU
		{EB663513-53DE-484E-90FF-12286241B642}.Release|Any CPU.Build.0 = Release|Any CPU
		{FC189147-60AF-4AB4-A4A5-B4BFF03B537E}.Debug|Any CPU.ActiveCfg = Debug|Any CPU
		{FC189147-60AF-4AB4-A4A5-B4BFF03B537E}.Debug|Any CPU.Build.0 = Debug|Any CPU
		{FC189147-60AF-4AB4-A4A5-B4BFF03B537E}.Release|Any CPU.ActiveCfg = Release|Any CPU
		{FC189147-60AF-4AB4-A4A5-B4BFF03B537E}.Release|Any CPU.Build.0 = Release|Any CPU
		{8D021C14-4071-49FF-B8E0-D0F67F39AE20}.Debug|Any CPU.ActiveCfg = Debug|Any CPU
		{8D021C14-4071-49FF-B8E0-D0F67F39AE20}.Debug|Any CPU.Build.0 = Debug|Any CPU
		{8D021C14-4071-49FF-B8E0-D0F67F39AE20}.Release|Any CPU.ActiveCfg = Release|Any CPU
		{8D021C14-4071-49FF-B8E0-D0F67F39AE20}.Release|Any CPU.Build.0 = Release|Any CPU
		{CD1AA505-8209-4483-AAC3-A7881865B657}.Debug|Any CPU.ActiveCfg = Debug|Any CPU
		{CD1AA505-8209-4483-AAC3-A7881865B657}.Debug|Any CPU.Build.0 = Debug|Any CPU
		{CD1AA505-8209-4483-AAC3-A7881865B657}.Release|Any CPU.ActiveCfg = Release|Any CPU
		{CD1AA505-8209-4483-AAC3-A7881865B657}.Release|Any CPU.Build.0 = Release|Any CPU
		{1B2D2044-F6FC-4793-96D3-7D19857DA09C}.Debug|Any CPU.ActiveCfg = Debug|Any CPU
		{1B2D2044-F6FC-4793-96D3-7D19857DA09C}.Debug|Any CPU.Build.0 = Debug|Any CPU
		{1B2D2044-F6FC-4793-96D3-7D19857DA09C}.Release|Any CPU.ActiveCfg = Release|Any CPU
		{1B2D2044-F6FC-4793-96D3-7D19857DA09C}.Release|Any CPU.Build.0 = Release|Any CPU
		{FCF42E97-B5CC-44F1-B4F8-3496495C607B}.Debug|Any CPU.ActiveCfg = Debug|Any CPU
		{FCF42E97-B5CC-44F1-B4F8-3496495C607B}.Debug|Any CPU.Build.0 = Debug|Any CPU
		{FCF42E97-B5CC-44F1-B4F8-3496495C607B}.Release|Any CPU.ActiveCfg = Release|Any CPU
		{FCF42E97-B5CC-44F1-B4F8-3496495C607B}.Release|Any CPU.Build.0 = Release|Any CPU
		{4E227389-6AF3-4176-83CE-DA37D7214A22}.Debug|Any CPU.ActiveCfg = Debug|Any CPU
		{4E227389-6AF3-4176-83CE-DA37D7214A22}.Debug|Any CPU.Build.0 = Debug|Any CPU
		{4E227389-6AF3-4176-83CE-DA37D7214A22}.Release|Any CPU.ActiveCfg = Release|Any CPU
		{4E227389-6AF3-4176-83CE-DA37D7214A22}.Release|Any CPU.Build.0 = Release|Any CPU
		{0CDC843F-60C0-414E-8AFF-843319E45786}.Debug|Any CPU.ActiveCfg = Debug|Any CPU
		{0CDC843F-60C0-414E-8AFF-843319E45786}.Debug|Any CPU.Build.0 = Debug|Any CPU
		{0CDC843F-60C0-414E-8AFF-843319E45786}.Release|Any CPU.ActiveCfg = Release|Any CPU
		{0CDC843F-60C0-414E-8AFF-843319E45786}.Release|Any CPU.Build.0 = Release|Any CPU
		{6BCE7788-1F18-42D7-8303-4BA5852E1533}.Debug|Any CPU.ActiveCfg = Debug|Any CPU
		{6BCE7788-1F18-42D7-8303-4BA5852E1533}.Debug|Any CPU.Build.0 = Debug|Any CPU
		{6BCE7788-1F18-42D7-8303-4BA5852E1533}.Release|Any CPU.ActiveCfg = Release|Any CPU
		{6BCE7788-1F18-42D7-8303-4BA5852E1533}.Release|Any CPU.Build.0 = Release|Any CPU
		{12889999-4A1B-48F2-AE44-3F70AE11F042}.Debug|Any CPU.ActiveCfg = Debug|Any CPU
		{12889999-4A1B-48F2-AE44-3F70AE11F042}.Debug|Any CPU.Build.0 = Debug|Any CPU
		{12889999-4A1B-48F2-AE44-3F70AE11F042}.Release|Any CPU.ActiveCfg = Release|Any CPU
		{12889999-4A1B-48F2-AE44-3F70AE11F042}.Release|Any CPU.Build.0 = Release|Any CPU
		{657F9987-A3E3-4882-BA5F-CCC06E5FE6CC}.Debug|Any CPU.ActiveCfg = Debug|Any CPU
		{657F9987-A3E3-4882-BA5F-CCC06E5FE6CC}.Debug|Any CPU.Build.0 = Debug|Any CPU
		{657F9987-A3E3-4882-BA5F-CCC06E5FE6CC}.Release|Any CPU.ActiveCfg = Release|Any CPU
		{657F9987-A3E3-4882-BA5F-CCC06E5FE6CC}.Release|Any CPU.Build.0 = Release|Any CPU
		{AD8EAB5B-E08F-461B-96FC-11C4ED8D3EC9}.Debug|Any CPU.ActiveCfg = Debug|Any CPU
		{AD8EAB5B-E08F-461B-96FC-11C4ED8D3EC9}.Debug|Any CPU.Build.0 = Debug|Any CPU
		{AD8EAB5B-E08F-461B-96FC-11C4ED8D3EC9}.Release|Any CPU.ActiveCfg = Release|Any CPU
		{AD8EAB5B-E08F-461B-96FC-11C4ED8D3EC9}.Release|Any CPU.Build.0 = Release|Any CPU
		{AC6C1ECB-9CAA-4A18-8756-0B14E8A8C091}.Debug|Any CPU.ActiveCfg = Debug|Any CPU
		{AC6C1ECB-9CAA-4A18-8756-0B14E8A8C091}.Debug|Any CPU.Build.0 = Debug|Any CPU
		{AC6C1ECB-9CAA-4A18-8756-0B14E8A8C091}.Release|Any CPU.ActiveCfg = Release|Any CPU
		{AC6C1ECB-9CAA-4A18-8756-0B14E8A8C091}.Release|Any CPU.Build.0 = Release|Any CPU
		{DDEA24D8-D297-4748-94C1-6CC640109A7B}.Debug|Any CPU.ActiveCfg = Debug|Any CPU
		{DDEA24D8-D297-4748-94C1-6CC640109A7B}.Debug|Any CPU.Build.0 = Debug|Any CPU
		{DDEA24D8-D297-4748-94C1-6CC640109A7B}.Release|Any CPU.ActiveCfg = Release|Any CPU
		{DDEA24D8-D297-4748-94C1-6CC640109A7B}.Release|Any CPU.Build.0 = Release|Any CPU
		{E5B0340A-5B2C-4455-B3A0-6894DDBD59CC}.Debug|Any CPU.ActiveCfg = Debug|Any CPU
		{E5B0340A-5B2C-4455-B3A0-6894DDBD59CC}.Debug|Any CPU.Build.0 = Debug|Any CPU
		{E5B0340A-5B2C-4455-B3A0-6894DDBD59CC}.Release|Any CPU.ActiveCfg = Release|Any CPU
		{E5B0340A-5B2C-4455-B3A0-6894DDBD59CC}.Release|Any CPU.Build.0 = Release|Any CPU
		{986ECAFC-A5D2-4DE4-A004-50097CFD5088}.Debug|Any CPU.ActiveCfg = Debug|Any CPU
		{986ECAFC-A5D2-4DE4-A004-50097CFD5088}.Debug|Any CPU.Build.0 = Debug|Any CPU
		{986ECAFC-A5D2-4DE4-A004-50097CFD5088}.Release|Any CPU.ActiveCfg = Release|Any CPU
		{986ECAFC-A5D2-4DE4-A004-50097CFD5088}.Release|Any CPU.Build.0 = Release|Any CPU
		{9FC9FB8E-4D41-4F20-95CA-0C76AE2F47AF}.Debug|Any CPU.ActiveCfg = Debug|Any CPU
		{9FC9FB8E-4D41-4F20-95CA-0C76AE2F47AF}.Debug|Any CPU.Build.0 = Debug|Any CPU
		{9FC9FB8E-4D41-4F20-95CA-0C76AE2F47AF}.Release|Any CPU.ActiveCfg = Release|Any CPU
		{9FC9FB8E-4D41-4F20-95CA-0C76AE2F47AF}.Release|Any CPU.Build.0 = Release|Any CPU
		{77654CAB-3D80-44A4-BA16-04BE8FE5FBB8}.Debug|Any CPU.ActiveCfg = Debug|Any CPU
		{77654CAB-3D80-44A4-BA16-04BE8FE5FBB8}.Debug|Any CPU.Build.0 = Debug|Any CPU
		{77654CAB-3D80-44A4-BA16-04BE8FE5FBB8}.Release|Any CPU.ActiveCfg = Release|Any CPU
		{77654CAB-3D80-44A4-BA16-04BE8FE5FBB8}.Release|Any CPU.Build.0 = Release|Any CPU
	EndGlobalSection
	GlobalSection(SolutionProperties) = preSolution
		HideSolutionNode = FALSE
	EndGlobalSection
	GlobalSection(NestedProjects) = preSolution
		{B74A6414-3DD8-4A4C-B8F2-8B236184A9E9} = {F8FD63B3-1AA4-4DBE-8938-25E39D79D292}
		{BA0F0DEF-6D18-49F3-AEED-F275D8134612} = {7F9A5E22-9E62-40B4-8881-8001EAB7541C}
		{0A69D5F0-F7A2-42CF-B3F1-66301CC7FC3F} = {7F9A5E22-9E62-40B4-8881-8001EAB7541C}
		{86C3A5D4-0264-4C91-BD51-FAA8A8F94B24} = {7F9A5E22-9E62-40B4-8881-8001EAB7541C}
		{61A9F550-814B-48A7-9B92-774594A5796B} = {7F9A5E22-9E62-40B4-8881-8001EAB7541C}
		{B97942DF-E32B-4339-8725-B39A7CD54476} = {7F9A5E22-9E62-40B4-8881-8001EAB7541C}
		{4B7DE42C-251E-40FB-9796-431F4283F792} = {7F9A5E22-9E62-40B4-8881-8001EAB7541C}
		{9C9FBBFB-BE3E-447D-89E1-B71FD5EDE7A6} = {7F9A5E22-9E62-40B4-8881-8001EAB7541C}
		{2775B876-5344-4DFD-B1CF-00DE890426CF} = {7F9A5E22-9E62-40B4-8881-8001EAB7541C}
		{30F4C37F-40B0-46AF-9190-6A3DC320A449} = {7F9A5E22-9E62-40B4-8881-8001EAB7541C}
		{1EF19BD0-110B-4C87-B9F1-B28464343279} = {7F9A5E22-9E62-40B4-8881-8001EAB7541C}
		{E960AE2B-B49E-4D93-B591-7A151F925B6D} = {7F9A5E22-9E62-40B4-8881-8001EAB7541C}
		{AA5C9084-E310-43AB-9793-7D926F304CDF} = {7F9A5E22-9E62-40B4-8881-8001EAB7541C}
		{E50CFB11-7AB6-4004-82E8-7B36248CEC18} = {7F9A5E22-9E62-40B4-8881-8001EAB7541C}
		{F5CC7D9F-B3FF-45D2-B3D6-65EE00BEC650} = {7F9A5E22-9E62-40B4-8881-8001EAB7541C}
		{8945241B-4BC4-44D5-833B-D272D6F8BB27} = {7F9A5E22-9E62-40B4-8881-8001EAB7541C}
		{A82EB814-483C-49CF-AA0A-6DB1F8DACFAC} = {7F9A5E22-9E62-40B4-8881-8001EAB7541C}
		{C54AD75F-5A03-4DD4-96F9-3C7F804D00E5} = {7F9A5E22-9E62-40B4-8881-8001EAB7541C}
		{E48EBE59-E72A-4389-A6D1-8CE934BFB01B} = {B115CC0D-8185-4E53-979D-17231CFEF5B0}
		{EB663513-53DE-484E-90FF-12286241B642} = {B115CC0D-8185-4E53-979D-17231CFEF5B0}
		{FC189147-60AF-4AB4-A4A5-B4BFF03B537E} = {B115CC0D-8185-4E53-979D-17231CFEF5B0}
		{8D021C14-4071-49FF-B8E0-D0F67F39AE20} = {B115CC0D-8185-4E53-979D-17231CFEF5B0}
		{CD1AA505-8209-4483-AAC3-A7881865B657} = {B115CC0D-8185-4E53-979D-17231CFEF5B0}
		{1B2D2044-F6FC-4793-96D3-7D19857DA09C} = {B115CC0D-8185-4E53-979D-17231CFEF5B0}
		{FCF42E97-B5CC-44F1-B4F8-3496495C607B} = {B115CC0D-8185-4E53-979D-17231CFEF5B0}
		{4E227389-6AF3-4176-83CE-DA37D7214A22} = {B115CC0D-8185-4E53-979D-17231CFEF5B0}
		{0CDC843F-60C0-414E-8AFF-843319E45786} = {B115CC0D-8185-4E53-979D-17231CFEF5B0}
		{6BCE7788-1F18-42D7-8303-4BA5852E1533} = {CDE1E98A-8A38-4728-BE02-DFEA4867A124}
		{A7C064CF-0BFD-461D-B2CD-8AD9F872B46F} = {7F9A5E22-9E62-40B4-8881-8001EAB7541C}
		{B115CC0D-8185-4E53-979D-17231CFEF5B0} = {C54AD75F-5A03-4DD4-96F9-3C7F804D00E5}
		{34DCACCC-DE8A-4B38-8206-25016BE6DA2D} = {A7C064CF-0BFD-461D-B2CD-8AD9F872B46F}
		{CDE1E98A-8A38-4728-BE02-DFEA4867A124} = {C54AD75F-5A03-4DD4-96F9-3C7F804D00E5}
		{12889999-4A1B-48F2-AE44-3F70AE11F042} = {34DCACCC-DE8A-4B38-8206-25016BE6DA2D}
		{4D0ED0EE-7CEC-41E7-92F4-FE41205CBB7F} = {7F9A5E22-9E62-40B4-8881-8001EAB7541C}
		{657F9987-A3E3-4882-BA5F-CCC06E5FE6CC} = {4D0ED0EE-7CEC-41E7-92F4-FE41205CBB7F}
		{A19EFE45-2E5D-4DAB-99CD-77B5A100FFA7} = {C54AD75F-5A03-4DD4-96F9-3C7F804D00E5}
		{AD8EAB5B-E08F-461B-96FC-11C4ED8D3EC9} = {A19EFE45-2E5D-4DAB-99CD-77B5A100FFA7}
		{BFA04962-CBEC-4339-AA7C-EE231E65F05F} = {C54AD75F-5A03-4DD4-96F9-3C7F804D00E5}
		{AC6C1ECB-9CAA-4A18-8756-0B14E8A8C091} = {BFA04962-CBEC-4339-AA7C-EE231E65F05F}
		{BEEDFFF3-75E7-48D2-89A2-F92FB7C600DD} = {A7C064CF-0BFD-461D-B2CD-8AD9F872B46F}
		{DDEA24D8-D297-4748-94C1-6CC640109A7B} = {BEEDFFF3-75E7-48D2-89A2-F92FB7C600DD}
		{F8FD63B3-1AA4-4DBE-8938-25E39D79D292} = {A7C064CF-0BFD-461D-B2CD-8AD9F872B46F}
		{E5B0340A-5B2C-4455-B3A0-6894DDBD59CC} = {F8FD63B3-1AA4-4DBE-8938-25E39D79D292}
		{986ECAFC-A5D2-4DE4-A004-50097CFD5088} = {F8FD63B3-1AA4-4DBE-8938-25E39D79D292}
		{CC25D259-A5D4-4FE1-89E6-BABD0910CFA6} = {A7C064CF-0BFD-461D-B2CD-8AD9F872B46F}
		{9FC9FB8E-4D41-4F20-95CA-0C76AE2F47AF} = {CC25D259-A5D4-4FE1-89E6-BABD0910CFA6}
		{77654CAB-3D80-44A4-BA16-04BE8FE5FBB8} = {B115CC0D-8185-4E53-979D-17231CFEF5B0}
	EndGlobalSection
	GlobalSection(ExtensibilityGlobals) = postSolution
		SolutionGuid = {468FB51F-1BEA-4E26-AFCA-A5E540B00696}
	EndGlobalSection
EndGlobal
